
Microsoft Visual Studio Solution File, Format Version 12.00
# Visual Studio Version 16
VisualStudioVersion = 16.0.31702.278
MinimumVisualStudioVersion = 10.0.40219.1
Project("{FAE04EC0-301F-11D3-BF4B-00C04F79EFBC}") = "BookstoreBackend", "BookstoreBackend\BookstoreBackend.csproj", "{02A93E8F-0C91-46AB-8251-69ACEDC22391}"
EndProject
Project("{FAE04EC0-301F-11D3-BF4B-00C04F79EFBC}") = "BookstoreRepository", "BookstoreRepository\BookstoreRepository.csproj", "{634E762C-F547-4582-861E-10B88065800E}"
EndProject
Project("{FAE04EC0-301F-11D3-BF4B-00C04F79EFBC}") = "BookstoreManager", "BookstoreManager\BookstoreManager.csproj", "{A91DDB90-DFFF-473E-8443-F007DE4877B8}"
EndProject
Project("{FAE04EC0-301F-11D3-BF4B-00C04F79EFBC}") = "BookstoreModel", "BookstoreModel\BookstoreModel.csproj", "{68732386-20D1-45EB-9F1E-148E442BA7D6}"
EndProject
Global
	GlobalSection(SolutionConfigurationPlatforms) = preSolution
		Debug|Any CPU = Debug|Any CPU
		Release|Any CPU = Release|Any CPU
	EndGlobalSection
	GlobalSection(ProjectConfigurationPlatforms) = postSolution
		{02A93E8F-0C91-46AB-8251-69ACEDC22391}.Debug|Any CPU.ActiveCfg = Debug|Any CPU
		{02A93E8F-0C91-46AB-8251-69ACEDC22391}.Debug|Any CPU.Build.0 = Debug|Any CPU
		{02A93E8F-0C91-46AB-8251-69ACEDC22391}.Release|Any CPU.ActiveCfg = Release|Any CPU
		{02A93E8F-0C91-46AB-8251-69ACEDC22391}.Release|Any CPU.Build.0 = Release|Any CPU
		{634E762C-F547-4582-861E-10B88065800E}.Debug|Any CPU.ActiveCfg = Debug|Any CPU
		{634E762C-F547-4582-861E-10B88065800E}.Debug|Any CPU.Build.0 = Debug|Any CPU
		{634E762C-F547-4582-861E-10B88065800E}.Release|Any CPU.ActiveCfg = Release|Any CPU
		{634E762C-F547-4582-861E-10B88065800E}.Release|Any CPU.Build.0 = Release|Any CPU
		{A91DDB90-DFFF-473E-8443-F007DE4877B8}.Debug|Any CPU.ActiveCfg = Debug|Any CPU
		{A91DDB90-DFFF-473E-8443-F007DE4877B8}.Debug|Any CPU.Build.0 = Debug|Any CPU
		{A91DDB90-DFFF-473E-8443-F007DE4877B8}.Release|Any CPU.ActiveCfg = Release|Any CPU
		{A91DDB90-DFFF-473E-8443-F007DE4877B8}.Release|Any CPU.Build.0 = Release|Any CPU
		{68732386-20D1-45EB-9F1E-148E442BA7D6}.Debug|Any CPU.ActiveCfg = Debug|Any CPU
		{68732386-20D1-45EB-9F1E-148E442BA7D6}.Debug|Any CPU.Build.0 = Debug|Any CPU
		{68732386-20D1-45EB-9F1E-148E442BA7D6}.Release|Any CPU.ActiveCfg = Release|Any CPU
		{68732386-20D1-45EB-9F1E-148E442BA7D6}.Release|Any CPU.Build.0 = Release|Any CPU
	EndGlobalSection
	GlobalSection(SolutionProperties) = preSolution
		HideSolutionNode = FALSE
	EndGlobalSection
	GlobalSection(ExtensibilityGlobals) = postSolution
		SolutionGuid = {6DCF0AE3-C397-4F06-8B08-DBCA7198F707}
	EndGlobalSection
EndGlobal
